<?xml version="1.0" encoding="utf-8"?>
<Project ToolsVersion="4.0" xmlns="http://schemas.microsoft.com/developer/msbuild/2003">
  <ItemGroup>
    <ClCompile Include="$(MSBuildThisFileDirectory)Source\GamePCH.cpp">
      <Filter>Source</Filter>
    </ClCompile>
    <ClCompile Include="$(MSBuildThisFileDirectory)Source\Game\Game.cpp">
      <Filter>Source\Game</Filter>
    </ClCompile>
    <ClCompile Include="$(MSBuildThisFileDirectory)Source\Mesh\Mesh.cpp">
      <Filter>Source\Mesh</Filter>
    </ClCompile>
    <ClCompile Include="$(MSBuildThisFileDirectory)Source\GameObjects\GameObject.cpp">
      <Filter>Source\GameObjects</Filter>
    </ClCompile>
    <ClCompile Include="$(MSBuildThisFileDirectory)Source\GameObjects\Player.cpp">
      <Filter>Source\GameObjects</Filter>
    </ClCompile>
    <ClCompile Include="$(MSBuildThisFileDirectory)Source\GameObjects\PlayerController.cpp">
      <Filter>Source\GameObjects</Filter>
    </ClCompile>
    <ClCompile Include="$(MSBuildThisFileDirectory)Source\Mesh\Texture.cpp">
      <Filter>Source\Mesh</Filter>
    </ClCompile>
    <ClCompile Include="$(MSBuildThisFileDirectory)Source\Mesh\MeshShapes.cpp">
      <Filter>Source\Mesh</Filter>
    </ClCompile>
    <ClCompile Include="$(MSBuildThisFileDirectory)Source\Game\ImGuiManager.cpp">
      <Filter>Source\Game</Filter>
    </ClCompile>
    <ClCompile Include="$(MSBuildThisFileDirectory)Source\Game\PhysicsScene.cpp">
      <Filter>Source\Game</Filter>
    </ClCompile>
    <ClCompile Include="$(MSBuildThisFileDirectory)Source\Game\ResourceManager.cpp">
      <Filter>Source\Game</Filter>
    </ClCompile>
    <ClCompile Include="$(MSBuildThisFileDirectory)Source\Game\Scene.cpp">
      <Filter>Source\Game</Filter>
    </ClCompile>
    <ClCompile Include="$(MSBuildThisFileDirectory)Source\Game\GraphicScene.cpp">
      <Filter>Source\Game</Filter>
    </ClCompile>
    <ClCompile Include="$(MSBuildThisFileDirectory)Source\Physics2D\PhysicsWorld.cpp">
      <Filter>Source\Phisics2D</Filter>
    </ClCompile>
    <ClCompile Include="$(MSBuildThisFileDirectory)Source\Game\MyPool.cpp">
      <Filter>Source\Game</Filter>
    </ClCompile>
    <ClCompile Include="$(MSBuildThisFileDirectory)Source\GameObjects\Ground.cpp">
      <Filter>Source\GameObjects</Filter>
    </ClCompile>
    <ClCompile Include="$(MSBuildThisFileDirectory)Source\Physics2D\Box2DContactListener.cpp">
      <Filter>Source\Phisics2D</Filter>
    </ClCompile>
    <ClCompile Include="$(MSBuildThisFileDirectory)Source\Mesh\Material.cpp">
      <Filter>Source\Mesh</Filter>
    </ClCompile>
    <ClCompile Include="$(MSBuildThisFileDirectory)Source\GameObjects\Camera.cpp">
      <Filter>Source\GameObjects</Filter>
    </ClCompile>
    <ClCompile Include="$(MSBuildThisFileDirectory)Source\Game\PoolTestScene.cpp">
      <Filter>Source\Game</Filter>
    </ClCompile>
    <ClCompile Include="$(MSBuildThisFileDirectory)Source\Physics2D\Box2DDebugDraw.cpp">
      <Filter>Source\Phisics2D</Filter>
    </ClCompile>
    <ClCompile Include="$(MSBuildThisFileDirectory)Source\Game\cJSONHelpers.cpp">
      <Filter>Source\Game</Filter>
    </ClCompile>
    <ClCompile Include="$(MSBuildThisFileDirectory)Source\SceneFloating\FloatingMineObject.cpp">
      <Filter>Source\SceneFloating</Filter>
    </ClCompile>
    <ClCompile Include="$(MSBuildThisFileDirectory)Source\SceneFloating\FloatingObject.cpp">
      <Filter>Source\SceneFloating</Filter>
    </ClCompile>
    <ClCompile Include="$(MSBuildThisFileDirectory)Source\SceneFloating\FloatingPlayerObject.cpp">
      <Filter>Source\SceneFloating</Filter>
    </ClCompile>
    <ClCompile Include="$(MSBuildThisFileDirectory)Source\SceneFloating\FloatingScene.cpp">
      <Filter>Source\SceneFloating</Filter>
    </ClCompile>
    <ClCompile Include="$(MSBuildThisFileDirectory)Source\SlopeScene\SlopeScene.cpp">
      <Filter>Source\SlopeScene</Filter>
    </ClCompile>
    <ClCompile Include="$(MSBuildThisFileDirectory)Source\PlatformerScene\PlatformerScene.cpp">
      <Filter>Source\PlatformerScene</Filter>
    </ClCompile>
    <ClCompile Include="$(MSBuildThisFileDirectory)Source\PlatformerScene\PlatformerPlayer.cpp">
      <Filter>Source\PlatformerScene</Filter>
    </ClCompile>
    <ClCompile Include="$(MSBuildThisFileDirectory)Source\PlatformerScene\PlatformerGround.cpp">
      <Filter>Source\PlatformerScene</Filter>
    </ClCompile>
    <ClCompile Include="$(MSBuildThisFileDirectory)Source\PlatformerScene\PlatformerCoin.cpp">
      <Filter>Source\PlatformerScene</Filter>
    </ClCompile>
  </ItemGroup>
  <ItemGroup>
    <ClInclude Include="$(MSBuildThisFileDirectory)Source\GamePCH.h">
      <Filter>Source</Filter>
    </ClInclude>
    <ClInclude Include="$(MSBuildThisFileDirectory)Source\Game\Game.h">
      <Filter>Source\Game</Filter>
    </ClInclude>
    <ClInclude Include="$(MSBuildThisFileDirectory)Source\Mesh\Mesh.h">
      <Filter>Source\Mesh</Filter>
    </ClInclude>
    <ClInclude Include="$(MSBuildThisFileDirectory)Source\GameObjects\GameObject.h">
      <Filter>Source\GameObjects</Filter>
    </ClInclude>
    <ClInclude Include="$(MSBuildThisFileDirectory)Source\GameObjects\Player.h">
      <Filter>Source\GameObjects</Filter>
    </ClInclude>
    <ClInclude Include="$(MSBuildThisFileDirectory)Source\GameObjects\PlayerController.h">
      <Filter>Source\GameObjects</Filter>
    </ClInclude>
    <ClInclude Include="$(MSBuildThisFileDirectory)Source\Mesh\Texture.h">
      <Filter>Source\Mesh</Filter>
    </ClInclude>
    <ClInclude Include="$(MSBuildThisFileDirectory)Source\Game\ImGuiManager.h">
      <Filter>Source\Game</Filter>
    </ClInclude>
    <ClInclude Include="$(MSBuildThisFileDirectory)Source\Game\PhysicsScene.h">
      <Filter>Source\Game</Filter>
    </ClInclude>
    <ClInclude Include="$(MSBuildThisFileDirectory)Source\Game\ResourceManager.h">
      <Filter>Source\Game</Filter>
    </ClInclude>
    <ClInclude Include="$(MSBuildThisFileDirectory)Source\Game\Scene.h">
      <Filter>Source\Game</Filter>
    </ClInclude>
    <ClInclude Include="$(MSBuildThisFileDirectory)Source\Game\GraphicScene.h">
      <Filter>Source\Game</Filter>
    </ClInclude>
    <ClInclude Include="$(MSBuildThisFileDirectory)Source\Physics2D\PhysicsWorld.h">
      <Filter>Source\Phisics2D</Filter>
    </ClInclude>
    <ClInclude Include="$(MSBuildThisFileDirectory)Source\Game\MyPool.h">
      <Filter>Source\Game</Filter>
    </ClInclude>
    <ClInclude Include="$(MSBuildThisFileDirectory)Source\GameObjects\Ground.h">
      <Filter>Source\GameObjects</Filter>
    </ClInclude>
    <ClInclude Include="$(MSBuildThisFileDirectory)Source\Physics2D\Box2DContactListener.h">
      <Filter>Source\Phisics2D</Filter>
    </ClInclude>
    <ClInclude Include="$(MSBuildThisFileDirectory)Source\Mesh\Material.h">
      <Filter>Source\Mesh</Filter>
    </ClInclude>
    <ClInclude Include="$(MSBuildThisFileDirectory)Source\GameObjects\Camera.h">
      <Filter>Source\GameObjects</Filter>
    </ClInclude>
    <ClInclude Include="$(MSBuildThisFileDirectory)Source\Game\PoolTestScene.h">
      <Filter>Source\Game</Filter>
    </ClInclude>
    <ClInclude Include="$(MSBuildThisFileDirectory)Source\Physics2D\Box2DDebugDraw.h">
      <Filter>Source\Phisics2D</Filter>
    </ClInclude>
    <ClInclude Include="$(MSBuildThisFileDirectory)Source\Physics2D\RayCastResultCallback.h">
      <Filter>Source\Phisics2D</Filter>
    </ClInclude>
    <ClInclude Include="$(MSBuildThisFileDirectory)Source\Game\cJSONHelpers.h">
      <Filter>Source\Game</Filter>
    </ClInclude>
    <ClInclude Include="$(MSBuildThisFileDirectory)Source\SceneFloating\FloatingMineObject.h">
      <Filter>Source\SceneFloating</Filter>
    </ClInclude>
    <ClInclude Include="$(MSBuildThisFileDirectory)Source\SceneFloating\FloatingObject.h">
      <Filter>Source\SceneFloating</Filter>
    </ClInclude>
    <ClInclude Include="$(MSBuildThisFileDirectory)Source\SceneFloating\FloatingPlayerObject.h">
      <Filter>Source\SceneFloating</Filter>
    </ClInclude>
    <ClInclude Include="$(MSBuildThisFileDirectory)Source\SceneFloating\FloatingScene.h">
      <Filter>Source\SceneFloating</Filter>
    </ClInclude>
    <ClInclude Include="$(MSBuildThisFileDirectory)Source\Helpers\Matrix.h">
      <Filter>Source\Helpers</Filter>
    </ClInclude>
    <ClInclude Include="$(MSBuildThisFileDirectory)Source\Helpers\Vector.h">
      <Filter>Source\Helpers</Filter>
    </ClInclude>
    <ClInclude Include="$(MSBuildThisFileDirectory)Source\SlopeScene\SlopeScene.h">
      <Filter>Source\SlopeScene</Filter>
    </ClInclude>
    <ClInclude Include="$(MSBuildThisFileDirectory)Source\PlatformerScene\PlatformerScene.h">
      <Filter>Source\PlatformerScene</Filter>
    </ClInclude>
    <ClInclude Include="$(MSBuildThisFileDirectory)Source\PlatformerScene\PlatformerPlayer.h">
      <Filter>Source\PlatformerScene</Filter>
    </ClInclude>
    <ClInclude Include="$(MSBuildThisFileDirectory)Source\PlatformerScene\PlatformerGround.h">
      <Filter>Source\PlatformerScene</Filter>
    </ClInclude>
    <ClInclude Include="$(MSBuildThisFileDirectory)Source\Game\RemoveFromSceneEvent.h">
      <Filter>Source\Game</Filter>
    </ClInclude>
    <ClInclude Include="$(MSBuildThisFileDirectory)Source\Game\GameEventTypes.h">
      <Filter>Source\Game</Filter>
    </ClInclude>
    <ClInclude Include="$(MSBuildThisFileDirectory)Source\PlatformerScene\PlatformerCoin.h">
      <Filter>Source\PlatformerScene</Filter>
    </ClInclude>
  </ItemGroup>
  <ItemGroup>
    <Filter Include="Data">
      <UniqueIdentifier>{c793aa77-1210-4e59-9925-4a71367b3b35}</UniqueIdentifier>
    </Filter>
    <Filter Include="Data\Shaders">
      <UniqueIdentifier>{5d66ae9e-89b9-400f-a379-e5176b7b7f78}</UniqueIdentifier>
    </Filter>
    <Filter Include="Source">
      <UniqueIdentifier>{9f74afd4-f513-4aaf-a6be-624326236288}</UniqueIdentifier>
    </Filter>
    <Filter Include="Source\Game">
      <UniqueIdentifier>{617175d8-08e5-4be8-82ec-e3f1163403f3}</UniqueIdentifier>
    </Filter>
    <Filter Include="Source\Mesh">
      <UniqueIdentifier>{10a6275b-242b-42ae-b975-117a759fcea9}</UniqueIdentifier>
    </Filter>
    <Filter Include="Source\GameObjects">
      <UniqueIdentifier>{09d079c9-e37f-46f2-82bd-ff6e2269bace}</UniqueIdentifier>
    </Filter>
    <Filter Include="Source\Phisics2D">
      <UniqueIdentifier>{35ff8225-d1c6-42bc-9858-b1dfd9fbe625}</UniqueIdentifier>
    </Filter>
    <Filter Include="Data\Scenes">
      <UniqueIdentifier>{7a8e0c57-b55b-4acf-9e04-26d9f75de048}</UniqueIdentifier>
    </Filter>
    <Filter Include="Source\SceneFloating">
      <UniqueIdentifier>{af4f5ee3-2fd5-4cdc-a174-dfcc25d578f9}</UniqueIdentifier>
    </Filter>
    <Filter Include="Data\FloatingSceneShaders">
      <UniqueIdentifier>{ec673e27-d080-4e5f-9ab1-7c3c0f1f4b2f}</UniqueIdentifier>
    </Filter>
    <Filter Include="Source\Helpers">
      <UniqueIdentifier>{9897112c-933e-4ffc-b847-dfdc88dd8b21}</UniqueIdentifier>
    </Filter>
    <Filter Include="Source\SlopeScene">
      <UniqueIdentifier>{50a27141-335a-4502-90e1-b71da78f80f3}</UniqueIdentifier>
    </Filter>
    <Filter Include="Source\PlatformerScene">
      <UniqueIdentifier>{7f95eafc-04ed-4baf-ae4d-8bf4363b9645}</UniqueIdentifier>
    </Filter>
  </ItemGroup>
  <ItemGroup>
    <None Include="$(MSBuildThisFileDirectory)Data\Shaders\Texture.frag">
      <Filter>Data\Shaders</Filter>
    </None>
    <None Include="$(MSBuildThisFileDirectory)Data\Shaders\Texture.vert">
      <Filter>Data\Shaders</Filter>
    </None>
    <None Include="$(MSBuildThisFileDirectory)Data\Shaders\2DTexture.frag">
      <Filter>Data\Shaders</Filter>
    </None>
    <None Include="$(MSBuildThisFileDirectory)Data\Shaders\2DTexture.vert">
      <Filter>Data\Shaders</Filter>
    </None>
    <None Include="$(MSBuildThisFileDirectory)Data\Shaders\Water.frag">
      <Filter>Data\Shaders</Filter>
    </None>
    <None Include="$(MSBuildThisFileDirectory)Data\Shaders\Water.vert">
      <Filter>Data\Shaders</Filter>
    </None>
    <None Include="$(MSBuildThisFileDirectory)Data\Shaders\DebugDraw.frag">
      <Filter>Data\Shaders</Filter>
    </None>
    <None Include="$(MSBuildThisFileDirectory)Data\Shaders\DebugDraw.vert">
      <Filter>Data\Shaders</Filter>
    </None>
    <None Include="$(MSBuildThisFileDirectory)Data\Shaders\Water_Prof.frag">
      <Filter>Data\Shaders</Filter>
    </None>
    <None Include="$(MSBuildThisFileDirectory)Data\Shaders\Water_Prof.vert">
      <Filter>Data\Shaders</Filter>
    </None>
    <None Include="$(MSBuildThisFileDirectory)Data\Scenes\Joints.box2dscene">
      <Filter>Data\Scenes</Filter>
    </None>
    <None Include="$(MSBuildThisFileDirectory)Data\Scenes\Simple.box2dscene">
      <Filter>Data\Scenes</Filter>
    </None>
    <None Include="$(MSBuildThisFileDirectory)Data\Scenes\Slopes.box2dscene">
      <Filter>Data\Scenes</Filter>
    </None>
    <None Include="$(MSBuildThisFileDirectory)Data\SceneFloating\Water.frag">
      <Filter>Data\FloatingSceneShaders</Filter>
    </None>
    <None Include="$(MSBuildThisFileDirectory)Data\SceneFloating\Water.vert">
      <Filter>Data\FloatingSceneShaders</Filter>
    </None>
    <None Include="$(MSBuildThisFileDirectory)Data\SceneFloating\Meteor.frag">
      <Filter>Data\FloatingSceneShaders</Filter>
    </None>
  </ItemGroup>
  <ItemGroup>
    <Text Include="$(MSBuildThisFileDirectory)..\readme.txt" />
  </ItemGroup>
</Project>